// !$*UTF8*$!
{
	archiveVersion = 1;
	classes = {
	};
	objectVersion = 46;
	objects = {

/* Begin PBXBuildFile section */
		0403D1DA155384950095AACA /* CFNetwork.framework in Frameworks */ = {isa = PBXBuildFile; fileRef = 0403D1D9155384950095AACA /* CFNetwork.framework */; };
		0403D1DC155384B40095AACA /* SystemConfiguration.framework in Frameworks */ = {isa = PBXBuildFile; fileRef = 0403D1DB155384B30095AACA /* SystemConfiguration.framework */; };
		04195E7615623EF300698EB6 /* icon.png in Resources */ = {isa = PBXBuildFile; fileRef = 04195E7415623EF300698EB6 /* icon.png */; };
		04195E7915623F1E00698EB6 /* iTunesArtwork in Resources */ = {isa = PBXBuildFile; fileRef = 04195E7815623F1E00698EB6 /* iTunesArtwork */; };
		04195E7E156244B800698EB6 /* Icon-72.png in Resources */ = {isa = PBXBuildFile; fileRef = 04195E7A156244B800698EB6 /* Icon-72.png */; };
		04195E80156244B800698EB6 /* Icon-Small@2x.png in Resources */ = {isa = PBXBuildFile; fileRef = 04195E7C156244B800698EB6 /* Icon-Small@2x.png */; };
		04195E81156244B800698EB6 /* Icon@2x.png in Resources */ = {isa = PBXBuildFile; fileRef = 04195E7D156244B800698EB6 /* Icon@2x.png */; };
		044F9DFD15634DA300EE4807 /* Icon-Small-50.png in Resources */ = {isa = PBXBuildFile; fileRef = 044F9DFC15634DA300EE4807 /* Icon-Small-50.png */; };
		04503CB0154A2A29002F1E00 /* libsqlite3.dylib in Frameworks */ = {isa = PBXBuildFile; fileRef = 04503CAF154A2A29002F1E00 /* libsqlite3.dylib */; };
		04503CC9154A3276002F1E00 /* QuartzCore.framework in Frameworks */ = {isa = PBXBuildFile; fileRef = 04503CC8154A3276002F1E00 /* QuartzCore.framework */; };
		0456C7CB1561FC100061E2ED /* logo.png in Resources */ = {isa = PBXBuildFile; fileRef = 0456C7CA1561FC100061E2ED /* logo.png */; };
		0456C7D41561FFD50061E2ED /* fav.png in Resources */ = {isa = PBXBuildFile; fileRef = 0456C7D11561FFD50061E2ED /* fav.png */; };
		047854531548D7640098399C /* UIKit.framework in Frameworks */ = {isa = PBXBuildFile; fileRef = 047854521548D7640098399C /* UIKit.framework */; };
		047854551548D7640098399C /* Foundation.framework in Frameworks */ = {isa = PBXBuildFile; fileRef = 047854541548D7640098399C /* Foundation.framework */; };
		047854571548D7640098399C /* CoreGraphics.framework in Frameworks */ = {isa = PBXBuildFile; fileRef = 047854561548D7640098399C /* CoreGraphics.framework */; };
		0478545F1548D7640098399C /* main.m in Sources */ = {isa = PBXBuildFile; fileRef = 0478545E1548D7640098399C /* main.m */; };
		047854631548D7640098399C /* chabaikeAppDelegate.m in Sources */ = {isa = PBXBuildFile; fileRef = 047854621548D7640098399C /* chabaikeAppDelegate.m */; };
		0478546B1548D7640098399C /* SenTestingKit.framework in Frameworks */ = {isa = PBXBuildFile; fileRef = 0478546A1548D7640098399C /* SenTestingKit.framework */; };
		0478546C1548D7640098399C /* UIKit.framework in Frameworks */ = {isa = PBXBuildFile; fileRef = 047854521548D7640098399C /* UIKit.framework */; };
		0478546D1548D7640098399C /* Foundation.framework in Frameworks */ = {isa = PBXBuildFile; fileRef = 047854541548D7640098399C /* Foundation.framework */; };
		047854751548D7640098399C /* InfoPlist.strings in Resources */ = {isa = PBXBuildFile; fileRef = 047854731548D7640098399C /* InfoPlist.strings */; };
		047854781548D7640098399C /* chabaikeTests.m in Sources */ = {isa = PBXBuildFile; fileRef = 047854771548D7640098399C /* chabaikeTests.m */; };
		04B1318415622BD900412B24 /* Icon-Small.png in Resources */ = {isa = PBXBuildFile; fileRef = 04B1317F15622BD900412B24 /* Icon-Small.png */; };
		04EB63FB155B71AF00182190 /* libz.dylib in Frameworks */ = {isa = PBXBuildFile; fileRef = 04EB63FA155B71AF00182190 /* libz.dylib */; };
		04F34F8D15634C0000984E3F /* libMobClickLibrary.a in Frameworks */ = {isa = PBXBuildFile; fileRef = 04F34F8C15634C0000984E3F /* libMobClickLibrary.a */; };
		4628942216EECC9800F94357 /* InfoPlist.strings in Resources */ = {isa = PBXBuildFile; fileRef = 4628942116EECC9800F94357 /* InfoPlist.strings */; };
		4628943016EECDB100F94357 /* ad_label_bg.png in Resources */ = {isa = PBXBuildFile; fileRef = 4628942616EECDAE00F94357 /* ad_label_bg.png */; };
		4628943116EECDB100F94357 /* white.png in Resources */ = {isa = PBXBuildFile; fileRef = 4628942716EECDAE00F94357 /* white.png */; };
		4628943416EECDB100F94357 /* btn_bg.png in Resources */ = {isa = PBXBuildFile; fileRef = 4628942A16EECDAF00F94357 /* btn_bg.png */; };
		4628943516EECDB100F94357 /* tab_bg.png in Resources */ = {isa = PBXBuildFile; fileRef = 4628942B16EECDAF00F94357 /* tab_bg.png */; };
		4628943616EECDB100F94357 /* page_control.png in Resources */ = {isa = PBXBuildFile; fileRef = 4628942C16EECDAF00F94357 /* page_control.png */; };
		4628944316EECE0300F94357 /* PullToRefreshTableView.m in Sources */ = {isa = PBXBuildFile; fileRef = 4628943816EECDEC00F94357 /* PullToRefreshTableView.m */; };
		4628944416EECE0A00F94357 /* ImageDownload.m in Sources */ = {isa = PBXBuildFile; fileRef = 4628943A16EECDEC00F94357 /* ImageDownload.m */; };
		4628944516EECE0E00F94357 /* YMGlobal.m in Sources */ = {isa = PBXBuildFile; fileRef = 4628943C16EECDEC00F94357 /* YMGlobal.m */; };
		4628944616EECE1100F94357 /* MBProgressHUD.m in Sources */ = {isa = PBXBuildFile; fileRef = 4628943D16EECDEC00F94357 /* MBProgressHUD.m */; };
		4628944C16EECE5800F94357 /* ViewController.m in Sources */ = {isa = PBXBuildFile; fileRef = 4628944816EECE5600F94357 /* ViewController.m */; };
		4628944D16EECE5800F94357 /* ViewController.xib in Resources */ = {isa = PBXBuildFile; fileRef = 4628944916EECE5600F94357 /* ViewController.xib */; };
		4628944E16EECE5800F94357 /* NewsCell.m in Sources */ = {isa = PBXBuildFile; fileRef = 4628944B16EECE5800F94357 /* NewsCell.m */; };
		4628945316EECE8100F94357 /* ZixunContentViewController.m in Sources */ = {isa = PBXBuildFile; fileRef = 4628945116EECE8100F94357 /* ZixunContentViewController.m */; };
		4628945416EECE8100F94357 /* ZixunContentViewController.xib in Resources */ = {isa = PBXBuildFile; fileRef = 4628945216EECE8100F94357 /* ZixunContentViewController.xib */; };
		4628945916EECE9500F94357 /* SlideViewController.m in Sources */ = {isa = PBXBuildFile; fileRef = 4628945716EECE9500F94357 /* SlideViewController.m */; };
		4628945A16EECE9500F94357 /* SlideViewController.xib in Resources */ = {isa = PBXBuildFile; fileRef = 4628945816EECE9500F94357 /* SlideViewController.xib */; };
		4628947016EECEE300F94357 /* NSAlert+MKNetworkKitAdditions.m in Sources */ = {isa = PBXBuildFile; fileRef = 4628945D16EECEE300F94357 /* NSAlert+MKNetworkKitAdditions.m */; };
		4628947116EECEE300F94357 /* NSData+Base64.m in Sources */ = {isa = PBXBuildFile; fileRef = 4628945F16EECEE300F94357 /* NSData+Base64.m */; };
		4628947216EECEE300F94357 /* NSDate+RFC1123.m in Sources */ = {isa = PBXBuildFile; fileRef = 4628946116EECEE300F94357 /* NSDate+RFC1123.m */; };
		4628947316EECEE300F94357 /* NSDictionary+RequestEncoding.m in Sources */ = {isa = PBXBuildFile; fileRef = 4628946316EECEE300F94357 /* NSDictionary+RequestEncoding.m */; };
		4628947416EECEE300F94357 /* NSString+MKNetworkKitAdditions.m in Sources */ = {isa = PBXBuildFile; fileRef = 4628946516EECEE300F94357 /* NSString+MKNetworkKitAdditions.m */; };
		4628947516EECEE300F94357 /* UIAlertView+MKNetworkKitAdditions.m in Sources */ = {isa = PBXBuildFile; fileRef = 4628946716EECEE300F94357 /* UIAlertView+MKNetworkKitAdditions.m */; };
		4628947616EECEE300F94357 /* MKNetworkEngine.m in Sources */ = {isa = PBXBuildFile; fileRef = 4628946916EECEE300F94357 /* MKNetworkEngine.m */; };
		4628947716EECEE300F94357 /* MKNetworkOperation.m in Sources */ = {isa = PBXBuildFile; fileRef = 4628946C16EECEE300F94357 /* MKNetworkOperation.m */; };
		4628947816EECEE300F94357 /* Reachability.m in Sources */ = {isa = PBXBuildFile; fileRef = 4628946F16EECEE300F94357 /* Reachability.m */; };
		4628949416EECF1000F94357 /* NSObject+SBJson.m in Sources */ = {isa = PBXBuildFile; fileRef = 4628947C16EECF1000F94357 /* NSObject+SBJson.m */; };
		4628949516EECF1000F94357 /* SBJsonParser.m in Sources */ = {isa = PBXBuildFile; fileRef = 4628947F16EECF1000F94357 /* SBJsonParser.m */; };
		4628949616EECF1000F94357 /* SBJsonStreamParser.m in Sources */ = {isa = PBXBuildFile; fileRef = 4628948116EECF1000F94357 /* SBJsonStreamParser.m */; };
		4628949716EECF1000F94357 /* SBJsonStreamParserAccumulator.m in Sources */ = {isa = PBXBuildFile; fileRef = 4628948316EECF1000F94357 /* SBJsonStreamParserAccumulator.m */; };
		4628949816EECF1000F94357 /* SBJsonStreamParserAdapter.m in Sources */ = {isa = PBXBuildFile; fileRef = 4628948516EECF1000F94357 /* SBJsonStreamParserAdapter.m */; };
		4628949916EECF1000F94357 /* SBJsonStreamParserState.m in Sources */ = {isa = PBXBuildFile; fileRef = 4628948716EECF1000F94357 /* SBJsonStreamParserState.m */; };
		4628949A16EECF1000F94357 /* SBJsonStreamWriter.m in Sources */ = {isa = PBXBuildFile; fileRef = 4628948916EECF1000F94357 /* SBJsonStreamWriter.m */; };
		4628949B16EECF1000F94357 /* SBJsonStreamWriterAccumulator.m in Sources */ = {isa = PBXBuildFile; fileRef = 4628948B16EECF1000F94357 /* SBJsonStreamWriterAccumulator.m */; };
		4628949C16EECF1000F94357 /* SBJsonStreamWriterState.m in Sources */ = {isa = PBXBuildFile; fileRef = 4628948D16EECF1000F94357 /* SBJsonStreamWriterState.m */; };
		4628949D16EECF1000F94357 /* SBJsonTokeniser.m in Sources */ = {isa = PBXBuildFile; fileRef = 4628948F16EECF1000F94357 /* SBJsonTokeniser.m */; };
		4628949E16EECF1000F94357 /* SBJsonUTF8Stream.m in Sources */ = {isa = PBXBuildFile; fileRef = 4628949116EECF1000F94357 /* SBJsonUTF8Stream.m */; };
		4628949F16EECF1000F94357 /* SBJsonWriter.m in Sources */ = {isa = PBXBuildFile; fileRef = 4628949316EECF1000F94357 /* SBJsonWriter.m */; };
		462894A316EED09C00F94357 /* Security.framework in Frameworks */ = {isa = PBXBuildFile; fileRef = 462894A216EED09C00F94357 /* Security.framework */; };
		4686219716F80CCD006D0573 /* ListViewController.m in Sources */ = {isa = PBXBuildFile; fileRef = 4686219516F80CCD006D0573 /* ListViewController.m */; };
		4686219816F80CCD006D0573 /* ListViewController.xib in Resources */ = {isa = PBXBuildFile; fileRef = 4686219616F80CCD006D0573 /* ListViewController.xib */; };
		AA0DD19D16F6FD1E001C8F0C /* ContentShare.png in Resources */ = {isa = PBXBuildFile; fileRef = AA0DD19C16F6FD1E001C8F0C /* ContentShare.png */; };
		AA0DD19F16F6FD23001C8F0C /* ContentBack.png in Resources */ = {isa = PBXBuildFile; fileRef = AA0DD19E16F6FD23001C8F0C /* ContentBack.png */; };
		AA0DD1A116F6FD2C001C8F0C /* CollectContent.png in Resources */ = {isa = PBXBuildFile; fileRef = AA0DD1A016F6FD2C001C8F0C /* CollectContent.png */; };
		AA3F4FCF16F2C462001A77F9 /* GoSearch.png in Resources */ = {isa = PBXBuildFile; fileRef = AA3F4FCE16F2C462001A77F9 /* GoSearch.png */; };
		AA46015E16EF069E00661EEF /* libWeChatSDK_armv7_armv7s.a in Frameworks */ = {isa = PBXBuildFile; fileRef = AA46013716EF069E00661EEF /* libWeChatSDK_armv7_armv7s.a */; };
		AA46015F16EF069E00661EEF /* UMSocialBarView.m in Sources */ = {isa = PBXBuildFile; fileRef = AA46014E16EF069E00661EEF /* UMSocialBarView.m */; };
		AA46016016EF069E00661EEF /* UMSocialIconActionSheet.m in Sources */ = {isa = PBXBuildFile; fileRef = AA46015016EF069E00661EEF /* UMSocialIconActionSheet.m */; };
		AA46016116EF069E00661EEF /* UMSocialSnsService.m in Sources */ = {isa = PBXBuildFile; fileRef = AA46015216EF069E00661EEF /* UMSocialSnsService.m */; };
		AA46016216EF069E00661EEF /* UMSCommentDetailController.xib in Resources */ = {isa = PBXBuildFile; fileRef = AA46015416EF069E00661EEF /* UMSCommentDetailController.xib */; };
		AA46016316EF069E00661EEF /* UMSCommentInputController.xib in Resources */ = {isa = PBXBuildFile; fileRef = AA46015516EF069E00661EEF /* UMSCommentInputController.xib */; };
		AA46016416EF069E00661EEF /* UMSCommentInputControlleriPad.xib in Resources */ = {isa = PBXBuildFile; fileRef = AA46015616EF069E00661EEF /* UMSCommentInputControlleriPad.xib */; };
		AA46016516EF069E00661EEF /* UMShareEditViewController.xib in Resources */ = {isa = PBXBuildFile; fileRef = AA46015716EF069E00661EEF /* UMShareEditViewController.xib */; };
		AA46016616EF069E00661EEF /* UMShareEditViewControlleriPad.xib in Resources */ = {isa = PBXBuildFile; fileRef = AA46015816EF069E00661EEF /* UMShareEditViewControlleriPad.xib */; };
		AA46016716EF069E00661EEF /* UMSnsAccountViewController.xib in Resources */ = {isa = PBXBuildFile; fileRef = AA46015916EF069E00661EEF /* UMSnsAccountViewController.xib */; };
		AA46016816EF069E00661EEF /* UMSShareListController.xib in Resources */ = {isa = PBXBuildFile; fileRef = AA46015A16EF069E00661EEF /* UMSShareListController.xib */; };
		AA46016916EF069E00661EEF /* UMSocial_Sdk_1.8.0.a in Frameworks */ = {isa = PBXBuildFile; fileRef = AA46015B16EF069E00661EEF /* UMSocial_Sdk_1.8.0.a */; };
		AA46016A16EF069E00661EEF /* UMSocial_Sdk_Comment_1.8.0.a in Frameworks */ = {isa = PBXBuildFile; fileRef = AA46015C16EF069E00661EEF /* UMSocial_Sdk_Comment_1.8.0.a */; };
		AA46016B16EF069E00661EEF /* UMSocialSDKResources.bundle in Resources */ = {isa = PBXBuildFile; fileRef = AA46015D16EF069E00661EEF /* UMSocialSDKResources.bundle */; };
		AA46016F16EF0B0000661EEF /* slide1.png in Resources */ = {isa = PBXBuildFile; fileRef = AA46016C16EF0B0000661EEF /* slide1.png */; };
		AA46017016EF0B0000661EEF /* slide2.png in Resources */ = {isa = PBXBuildFile; fileRef = AA46016D16EF0B0000661EEF /* slide2.png */; };
		AA46017116EF0B0000661EEF /* slide3.png in Resources */ = {isa = PBXBuildFile; fileRef = AA46016E16EF0B0000661EEF /* slide3.png */; };
		AA46017316EF15ED00661EEF /* Default.png in Resources */ = {isa = PBXBuildFile; fileRef = AA46017216EF15EC00661EEF /* Default.png */; };
		AA46017516EF15F300661EEF /* Default@2x.png in Resources */ = {isa = PBXBuildFile; fileRef = AA46017416EF15F200661EEF /* Default@2x.png */; };
		AA46017716EF15F700661EEF /* Default-568h@2x.png in Resources */ = {isa = PBXBuildFile; fileRef = AA46017616EF15F600661EEF /* Default-568h@2x.png */; };
		AA8B602316F2E79100F21C82 /* Guanyu.png in Resources */ = {isa = PBXBuildFile; fileRef = AA8B602216F2E79100F21C82 /* Guanyu.png */; };
		AA8B602516F2E79600F21C82 /* Shoucangjia.png in Resources */ = {isa = PBXBuildFile; fileRef = AA8B602416F2E79600F21C82 /* Shoucangjia.png */; };
		AA8B602716F2F47100F21C82 /* Onepx.png in Resources */ = {isa = PBXBuildFile; fileRef = AA8B602616F2F47100F21C82 /* Onepx.png */; };
		AAB7920516F04FAE00AA619F /* SearchContentViewController.m in Sources */ = {isa = PBXBuildFile; fileRef = AAB7920316F04FAE00AA619F /* SearchContentViewController.m */; };
		AAB7920616F04FAE00AA619F /* SearchContentViewController.xib in Resources */ = {isa = PBXBuildFile; fileRef = AAB7920416F04FAE00AA619F /* SearchContentViewController.xib */; };
		AAB7920816F0566900AA619F /* SearchHeader.png in Resources */ = {isa = PBXBuildFile; fileRef = AAB7920716F0566900AA619F /* SearchHeader.png */; };
		AAB7920A16F0573400AA619F /* Search_backBtn.png in Resources */ = {isa = PBXBuildFile; fileRef = AAB7920916F0573400AA619F /* Search_backBtn.png */; };
		AACD4A2E16F2AF2400EC2FC6 /* SearchBorder.png in Resources */ = {isa = PBXBuildFile; fileRef = AACD4A2D16F2AF2400EC2FC6 /* SearchBorder.png */; };
		AAECF71916F16F0D00B8AB2C /* RightTopButton.png in Resources */ = {isa = PBXBuildFile; fileRef = AAECF71816F16F0D00B8AB2C /* RightTopButton.png */; };
		AAECF71E16F1A05700B8AB2C /* DBsqlite.m in Sources */ = {isa = PBXBuildFile; fileRef = AAECF71C16F19BD400B8AB2C /* DBsqlite.m */; };
/* End PBXBuildFile section */

/* Begin PBXContainerItemProxy section */
		0478546E1548D7640098399C /* PBXContainerItemProxy */ = {
			isa = PBXContainerItemProxy;
			containerPortal = 047854451548D7640098399C /* Project object */;
			proxyType = 1;
			remoteGlobalIDString = 0478544D1548D7640098399C;
			remoteInfo = chabaike;
		};
/* End PBXContainerItemProxy section */

/* Begin PBXFileReference section */
		0403D1D9155384950095AACA /* CFNetwork.framework */ = {isa = PBXFileReference; lastKnownFileType = wrapper.framework; name = CFNetwork.framework; path = System/Library/Frameworks/CFNetwork.framework; sourceTree = SDKROOT; };
		0403D1DB155384B30095AACA /* SystemConfiguration.framework */ = {isa = PBXFileReference; lastKnownFileType = wrapper.framework; name = SystemConfiguration.framework; path = System/Library/Frameworks/SystemConfiguration.framework; sourceTree = SDKROOT; };
		04195E7415623EF300698EB6 /* icon.png */ = {isa = PBXFileReference; lastKnownFileType = image.png; path = icon.png; sourceTree = "<group>"; };
		04195E7815623F1E00698EB6 /* iTunesArtwork */ = {isa = PBXFileReference; lastKnownFileType = file; path = iTunesArtwork; sourceTree = "<group>"; };
		04195E7A156244B800698EB6 /* Icon-72.png */ = {isa = PBXFileReference; lastKnownFileType = image.png; path = "Icon-72.png"; sourceTree = "<group>"; };
		04195E7C156244B800698EB6 /* Icon-Small@2x.png */ = {isa = PBXFileReference; lastKnownFileType = image.png; path = "Icon-Small@2x.png"; sourceTree = "<group>"; };
		04195E7D156244B800698EB6 /* Icon@2x.png */ = {isa = PBXFileReference; lastKnownFileType = image.png; path = "Icon@2x.png"; sourceTree = "<group>"; };
		044F9DFC15634DA300EE4807 /* Icon-Small-50.png */ = {isa = PBXFileReference; lastKnownFileType = image.png; path = "Icon-Small-50.png"; sourceTree = "<group>"; };
		04503CAF154A2A29002F1E00 /* libsqlite3.dylib */ = {isa = PBXFileReference; lastKnownFileType = "compiled.mach-o.dylib"; name = libsqlite3.dylib; path = usr/lib/libsqlite3.dylib; sourceTree = SDKROOT; };
		04503CB2154A2A4C002F1E00 /* Constants.h */ = {isa = PBXFileReference; fileEncoding = 4; lastKnownFileType = sourcecode.c.h; path = Constants.h; sourceTree = "<group>"; };
		04503CC8154A3276002F1E00 /* QuartzCore.framework */ = {isa = PBXFileReference; lastKnownFileType = wrapper.framework; name = QuartzCore.framework; path = System/Library/Frameworks/QuartzCore.framework; sourceTree = SDKROOT; };
		0456C7CA1561FC100061E2ED /* logo.png */ = {isa = PBXFileReference; lastKnownFileType = image.png; path = logo.png; sourceTree = "<group>"; };
		0456C7D11561FFD50061E2ED /* fav.png */ = {isa = PBXFileReference; lastKnownFileType = image.png; path = fav.png; sourceTree = "<group>"; };
		0478544E1548D7640098399C /* 茶百科.app */ = {isa = PBXFileReference; explicitFileType = wrapper.application; includeInIndex = 0; path = "茶百科.app"; sourceTree = BUILT_PRODUCTS_DIR; };
		047854521548D7640098399C /* UIKit.framework */ = {isa = PBXFileReference; lastKnownFileType = wrapper.framework; name = UIKit.framework; path = System/Library/Frameworks/UIKit.framework; sourceTree = SDKROOT; };
		047854541548D7640098399C /* Foundation.framework */ = {isa = PBXFileReference; lastKnownFileType = wrapper.framework; name = Foundation.framework; path = System/Library/Frameworks/Foundation.framework; sourceTree = SDKROOT; };
		047854561548D7640098399C /* CoreGraphics.framework */ = {isa = PBXFileReference; lastKnownFileType = wrapper.framework; name = CoreGraphics.framework; path = System/Library/Frameworks/CoreGraphics.framework; sourceTree = SDKROOT; };
		0478545A1548D7640098399C /* chabaike-Info.plist */ = {isa = PBXFileReference; lastKnownFileType = text.plist.xml; path = "chabaike-Info.plist"; sourceTree = "<group>"; };
		0478545E1548D7640098399C /* main.m */ = {isa = PBXFileReference; lastKnownFileType = sourcecode.c.objc; path = main.m; sourceTree = "<group>"; };
		047854601548D7640098399C /* chabaike-Prefix.pch */ = {isa = PBXFileReference; lastKnownFileType = sourcecode.c.h; path = "chabaike-Prefix.pch"; sourceTree = "<group>"; };
		047854611548D7640098399C /* chabaikeAppDelegate.h */ = {isa = PBXFileReference; lastKnownFileType = sourcecode.c.h; path = chabaikeAppDelegate.h; sourceTree = "<group>"; };
		047854621548D7640098399C /* chabaikeAppDelegate.m */ = {isa = PBXFileReference; lastKnownFileType = sourcecode.c.objc; path = chabaikeAppDelegate.m; sourceTree = "<group>"; };
		047854691548D7640098399C /* chabaikeTests.octest */ = {isa = PBXFileReference; explicitFileType = wrapper.cfbundle; includeInIndex = 0; path = chabaikeTests.octest; sourceTree = BUILT_PRODUCTS_DIR; };
		0478546A1548D7640098399C /* SenTestingKit.framework */ = {isa = PBXFileReference; lastKnownFileType = wrapper.framework; name = SenTestingKit.framework; path = Library/Frameworks/SenTestingKit.framework; sourceTree = DEVELOPER_DIR; };
		047854721548D7640098399C /* chabaikeTests-Info.plist */ = {isa = PBXFileReference; lastKnownFileType = text.plist.xml; path = "chabaikeTests-Info.plist"; sourceTree = "<group>"; };
		047854741548D7640098399C /* en */ = {isa = PBXFileReference; lastKnownFileType = text.plist.strings; name = en; path = en.lproj/InfoPlist.strings; sourceTree = "<group>"; };
		047854761548D7640098399C /* chabaikeTests.h */ = {isa = PBXFileReference; lastKnownFileType = sourcecode.c.h; path = chabaikeTests.h; sourceTree = "<group>"; };
		047854771548D7640098399C /* chabaikeTests.m */ = {isa = PBXFileReference; lastKnownFileType = sourcecode.c.objc; path = chabaikeTests.m; sourceTree = "<group>"; };
		04B1317F15622BD900412B24 /* Icon-Small.png */ = {isa = PBXFileReference; lastKnownFileType = image.png; path = "Icon-Small.png"; sourceTree = "<group>"; };
		04EB63F8155B716D00182190 /* MobClick.h */ = {isa = PBXFileReference; fileEncoding = 4; lastKnownFileType = sourcecode.c.h; path = MobClick.h; sourceTree = "<group>"; };
		04EB63FA155B71AF00182190 /* libz.dylib */ = {isa = PBXFileReference; lastKnownFileType = "compiled.mach-o.dylib"; name = libz.dylib; path = usr/lib/libz.dylib; sourceTree = SDKROOT; };
		04F34F8C15634C0000984E3F /* libMobClickLibrary.a */ = {isa = PBXFileReference; lastKnownFileType = archive.ar; path = libMobClickLibrary.a; sourceTree = "<group>"; };
		4628942116EECC9800F94357 /* InfoPlist.strings */ = {isa = PBXFileReference; fileEncoding = 4; lastKnownFileType = text.plist.strings; path = InfoPlist.strings; sourceTree = "<group>"; };
		4628942616EECDAE00F94357 /* ad_label_bg.png */ = {isa = PBXFileReference; lastKnownFileType = image.png; path = ad_label_bg.png; sourceTree = "<group>"; };
		4628942716EECDAE00F94357 /* white.png */ = {isa = PBXFileReference; lastKnownFileType = image.png; path = white.png; sourceTree = "<group>"; };
		4628942A16EECDAF00F94357 /* btn_bg.png */ = {isa = PBXFileReference; lastKnownFileType = image.png; path = btn_bg.png; sourceTree = "<group>"; };
		4628942B16EECDAF00F94357 /* tab_bg.png */ = {isa = PBXFileReference; lastKnownFileType = image.png; path = tab_bg.png; sourceTree = "<group>"; };
		4628942C16EECDAF00F94357 /* page_control.png */ = {isa = PBXFileReference; lastKnownFileType = image.png; path = page_control.png; sourceTree = "<group>"; };
		4628943716EECDEC00F94357 /* PullToRefreshTableView.h */ = {isa = PBXFileReference; fileEncoding = 4; lastKnownFileType = sourcecode.c.h; path = PullToRefreshTableView.h; sourceTree = "<group>"; };
		4628943816EECDEC00F94357 /* PullToRefreshTableView.m */ = {isa = PBXFileReference; fileEncoding = 4; lastKnownFileType = sourcecode.c.objc; path = PullToRefreshTableView.m; sourceTree = "<group>"; };
		4628943916EECDEC00F94357 /* ImageDownload.h */ = {isa = PBXFileReference; fileEncoding = 4; lastKnownFileType = sourcecode.c.h; path = ImageDownload.h; sourceTree = "<group>"; };
		4628943A16EECDEC00F94357 /* ImageDownload.m */ = {isa = PBXFileReference; fileEncoding = 4; lastKnownFileType = sourcecode.c.objc; path = ImageDownload.m; sourceTree = "<group>"; };
		4628943B16EECDEC00F94357 /* YMGlobal.h */ = {isa = PBXFileReference; fileEncoding = 4; lastKnownFileType = sourcecode.c.h; path = YMGlobal.h; sourceTree = "<group>"; };
		4628943C16EECDEC00F94357 /* YMGlobal.m */ = {isa = PBXFileReference; fileEncoding = 4; lastKnownFileType = sourcecode.c.objc; path = YMGlobal.m; sourceTree = "<group>"; };
		4628943D16EECDEC00F94357 /* MBProgressHUD.m */ = {isa = PBXFileReference; fileEncoding = 4; lastKnownFileType = sourcecode.c.objc; path = MBProgressHUD.m; sourceTree = "<group>"; };
		4628943E16EECDED00F94357 /* MBProgressHUD.h */ = {isa = PBXFileReference; fileEncoding = 4; lastKnownFileType = sourcecode.c.h; path = MBProgressHUD.h; sourceTree = "<group>"; };
		4628944716EECE5600F94357 /* ViewController.h */ = {isa = PBXFileReference; fileEncoding = 4; lastKnownFileType = sourcecode.c.h; path = ViewController.h; sourceTree = "<group>"; };
		4628944816EECE5600F94357 /* ViewController.m */ = {isa = PBXFileReference; fileEncoding = 4; lastKnownFileType = sourcecode.c.objc; path = ViewController.m; sourceTree = "<group>"; };
		4628944916EECE5600F94357 /* ViewController.xib */ = {isa = PBXFileReference; fileEncoding = 4; lastKnownFileType = file.xib; path = ViewController.xib; sourceTree = "<group>"; };
		4628944A16EECE5700F94357 /* NewsCell.h */ = {isa = PBXFileReference; fileEncoding = 4; lastKnownFileType = sourcecode.c.h; path = NewsCell.h; sourceTree = "<group>"; };
		4628944B16EECE5800F94357 /* NewsCell.m */ = {isa = PBXFileReference; fileEncoding = 4; lastKnownFileType = sourcecode.c.objc; path = NewsCell.m; sourceTree = "<group>"; };
		4628945016EECE8100F94357 /* ZixunContentViewController.h */ = {isa = PBXFileReference; fileEncoding = 4; lastKnownFileType = sourcecode.c.h; path = ZixunContentViewController.h; sourceTree = "<group>"; };
		4628945116EECE8100F94357 /* ZixunContentViewController.m */ = {isa = PBXFileReference; fileEncoding = 4; lastKnownFileType = sourcecode.c.objc; path = ZixunContentViewController.m; sourceTree = "<group>"; };
		4628945216EECE8100F94357 /* ZixunContentViewController.xib */ = {isa = PBXFileReference; fileEncoding = 4; lastKnownFileType = file.xib; path = ZixunContentViewController.xib; sourceTree = "<group>"; };
		4628945616EECE9500F94357 /* SlideViewController.h */ = {isa = PBXFileReference; fileEncoding = 4; lastKnownFileType = sourcecode.c.h; path = SlideViewController.h; sourceTree = "<group>"; };
		4628945716EECE9500F94357 /* SlideViewController.m */ = {isa = PBXFileReference; fileEncoding = 4; lastKnownFileType = sourcecode.c.objc; path = SlideViewController.m; sourceTree = "<group>"; };
		4628945816EECE9500F94357 /* SlideViewController.xib */ = {isa = PBXFileReference; fileEncoding = 4; lastKnownFileType = file.xib; path = SlideViewController.xib; sourceTree = "<group>"; };
		4628945D16EECEE300F94357 /* NSAlert+MKNetworkKitAdditions.m */ = {isa = PBXFileReference; fileEncoding = 4; lastKnownFileType = sourcecode.c.objc; path = "NSAlert+MKNetworkKitAdditions.m"; sourceTree = "<group>"; };
		4628945E16EECEE300F94357 /* NSData+Base64.h */ = {isa = PBXFileReference; fileEncoding = 4; lastKnownFileType = sourcecode.c.h; path = "NSData+Base64.h"; sourceTree = "<group>"; };
		4628945F16EECEE300F94357 /* NSData+Base64.m */ = {isa = PBXFileReference; fileEncoding = 4; lastKnownFileType = sourcecode.c.objc; path = "NSData+Base64.m"; sourceTree = "<group>"; };
		4628946016EECEE300F94357 /* NSDate+RFC1123.h */ = {isa = PBXFileReference; fileEncoding = 4; lastKnownFileType = sourcecode.c.h; path = "NSDate+RFC1123.h"; sourceTree = "<group>"; };
		4628946116EECEE300F94357 /* NSDate+RFC1123.m */ = {isa = PBXFileReference; fileEncoding = 4; lastKnownFileType = sourcecode.c.objc; path = "NSDate+RFC1123.m"; sourceTree = "<group>"; };
		4628946216EECEE300F94357 /* NSDictionary+RequestEncoding.h */ = {isa = PBXFileReference; fileEncoding = 4; lastKnownFileType = sourcecode.c.h; path = "NSDictionary+RequestEncoding.h"; sourceTree = "<group>"; };
		4628946316EECEE300F94357 /* NSDictionary+RequestEncoding.m */ = {isa = PBXFileReference; fileEncoding = 4; lastKnownFileType = sourcecode.c.objc; path = "NSDictionary+RequestEncoding.m"; sourceTree = "<group>"; };
		4628946416EECEE300F94357 /* NSString+MKNetworkKitAdditions.h */ = {isa = PBXFileReference; fileEncoding = 4; lastKnownFileType = sourcecode.c.h; path = "NSString+MKNetworkKitAdditions.h"; sourceTree = "<group>"; };
		4628946516EECEE300F94357 /* NSString+MKNetworkKitAdditions.m */ = {isa = PBXFileReference; fileEncoding = 4; lastKnownFileType = sourcecode.c.objc; path = "NSString+MKNetworkKitAdditions.m"; sourceTree = "<group>"; };
		4628946616EECEE300F94357 /* UIAlertView+MKNetworkKitAdditions.h */ = {isa = PBXFileReference; fileEncoding = 4; lastKnownFileType = sourcecode.c.h; path = "UIAlertView+MKNetworkKitAdditions.h"; sourceTree = "<group>"; };
		4628946716EECEE300F94357 /* UIAlertView+MKNetworkKitAdditions.m */ = {isa = PBXFileReference; fileEncoding = 4; lastKnownFileType = sourcecode.c.objc; path = "UIAlertView+MKNetworkKitAdditions.m"; sourceTree = "<group>"; };
		4628946816EECEE300F94357 /* MKNetworkEngine.h */ = {isa = PBXFileReference; fileEncoding = 4; lastKnownFileType = sourcecode.c.h; path = MKNetworkEngine.h; sourceTree = "<group>"; };
		4628946916EECEE300F94357 /* MKNetworkEngine.m */ = {isa = PBXFileReference; fileEncoding = 4; lastKnownFileType = sourcecode.c.objc; path = MKNetworkEngine.m; sourceTree = "<group>"; };
		4628946A16EECEE300F94357 /* MKNetworkKit.h */ = {isa = PBXFileReference; fileEncoding = 4; lastKnownFileType = sourcecode.c.h; path = MKNetworkKit.h; sourceTree = "<group>"; };
		4628946B16EECEE300F94357 /* MKNetworkOperation.h */ = {isa = PBXFileReference; fileEncoding = 4; lastKnownFileType = sourcecode.c.h; path = MKNetworkOperation.h; sourceTree = "<group>"; };
		4628946C16EECEE300F94357 /* MKNetworkOperation.m */ = {isa = PBXFileReference; fileEncoding = 4; lastKnownFileType = sourcecode.c.objc; path = MKNetworkOperation.m; sourceTree = "<group>"; };
		4628946E16EECEE300F94357 /* Reachability.h */ = {isa = PBXFileReference; fileEncoding = 4; lastKnownFileType = sourcecode.c.h; path = Reachability.h; sourceTree = "<group>"; };
		4628946F16EECEE300F94357 /* Reachability.m */ = {isa = PBXFileReference; fileEncoding = 4; lastKnownFileType = sourcecode.c.objc; path = Reachability.m; sourceTree = "<group>"; };
		4628947A16EECF1000F94357 /* JSON.h */ = {isa = PBXFileReference; fileEncoding = 4; lastKnownFileType = sourcecode.c.h; path = JSON.h; sourceTree = "<group>"; };
		4628947B16EECF1000F94357 /* NSObject+SBJson.h */ = {isa = PBXFileReference; fileEncoding = 4; lastKnownFileType = sourcecode.c.h; path = "NSObject+SBJson.h"; sourceTree = "<group>"; };
		4628947C16EECF1000F94357 /* NSObject+SBJson.m */ = {isa = PBXFileReference; fileEncoding = 4; lastKnownFileType = sourcecode.c.objc; path = "NSObject+SBJson.m"; sourceTree = "<group>"; };
		4628947D16EECF1000F94357 /* SBJson.h */ = {isa = PBXFileReference; fileEncoding = 4; lastKnownFileType = sourcecode.c.h; path = SBJson.h; sourceTree = "<group>"; };
		4628947E16EECF1000F94357 /* SBJsonParser.h */ = {isa = PBXFileReference; fileEncoding = 4; lastKnownFileType = sourcecode.c.h; path = SBJsonParser.h; sourceTree = "<group>"; };
		4628947F16EECF1000F94357 /* SBJsonParser.m */ = {isa = PBXFileReference; fileEncoding = 4; lastKnownFileType = sourcecode.c.objc; path = SBJsonParser.m; sourceTree = "<group>"; };
		4628948016EECF1000F94357 /* SBJsonStreamParser.h */ = {isa = PBXFileReference; fileEncoding = 4; lastKnownFileType = sourcecode.c.h; path = SBJsonStreamParser.h; sourceTree = "<group>"; };
		4628948116EECF1000F94357 /* SBJsonStreamParser.m */ = {isa = PBXFileReference; fileEncoding = 4; lastKnownFileType = sourcecode.c.objc; path = SBJsonStreamParser.m; sourceTree = "<group>"; };
		4628948216EECF1000F94357 /* SBJsonStreamParserAccumulator.h */ = {isa = PBXFileReference; fileEncoding = 4; lastKnownFileType = sourcecode.c.h; path = SBJsonStreamParserAccumulator.h; sourceTree = "<group>"; };
		4628948316EECF1000F94357 /* SBJsonStreamParserAccumulator.m */ = {isa = PBXFileReference; fileEncoding = 4; lastKnownFileType = sourcecode.c.objc; path = SBJsonStreamParserAccumulator.m; sourceTree = "<group>"; };
		4628948416EECF1000F94357 /* SBJsonStreamParserAdapter.h */ = {isa = PBXFileReference; fileEncoding = 4; lastKnownFileType = sourcecode.c.h; path = SBJsonStreamParserAdapter.h; sourceTree = "<group>"; };
		4628948516EECF1000F94357 /* SBJsonStreamParserAdapter.m */ = {isa = PBXFileReference; fileEncoding = 4; lastKnownFileType = sourcecode.c.objc; path = SBJsonStreamParserAdapter.m; sourceTree = "<group>"; };
		4628948616EECF1000F94357 /* SBJsonStreamParserState.h */ = {isa = PBXFileReference; fileEncoding = 4; lastKnownFileType = sourcecode.c.h; path = SBJsonStreamParserState.h; sourceTree = "<group>"; };
		4628948716EECF1000F94357 /* SBJsonStreamParserState.m */ = {isa = PBXFileReference; fileEncoding = 4; lastKnownFileType = sourcecode.c.objc; path = SBJsonStreamParserState.m; sourceTree = "<group>"; };
		4628948816EECF1000F94357 /* SBJsonStreamWriter.h */ = {isa = PBXFileReference; fileEncoding = 4; lastKnownFileType = sourcecode.c.h; path = SBJsonStreamWriter.h; sourceTree = "<group>"; };
		4628948916EECF1000F94357 /* SBJsonStreamWriter.m */ = {isa = PBXFileReference; fileEncoding = 4; lastKnownFileType = sourcecode.c.objc; path = SBJsonStreamWriter.m; sourceTree = "<group>"; };
		4628948A16EECF1000F94357 /* SBJsonStreamWriterAccumulator.h */ = {isa = PBXFileReference; fileEncoding = 4; lastKnownFileType = sourcecode.c.h; path = SBJsonStreamWriterAccumulator.h; sourceTree = "<group>"; };
		4628948B16EECF1000F94357 /* SBJsonStreamWriterAccumulator.m */ = {isa = PBXFileReference; fileEncoding = 4; lastKnownFileType = sourcecode.c.objc; path = SBJsonStreamWriterAccumulator.m; sourceTree = "<group>"; };
		4628948C16EECF1000F94357 /* SBJsonStreamWriterState.h */ = {isa = PBXFileReference; fileEncoding = 4; lastKnownFileType = sourcecode.c.h; path = SBJsonStreamWriterState.h; sourceTree = "<group>"; };
		4628948D16EECF1000F94357 /* SBJsonStreamWriterState.m */ = {isa = PBXFileReference; fileEncoding = 4; lastKnownFileType = sourcecode.c.objc; path = SBJsonStreamWriterState.m; sourceTree = "<group>"; };
		4628948E16EECF1000F94357 /* SBJsonTokeniser.h */ = {isa = PBXFileReference; fileEncoding = 4; lastKnownFileType = sourcecode.c.h; path = SBJsonTokeniser.h; sourceTree = "<group>"; };
		4628948F16EECF1000F94357 /* SBJsonTokeniser.m */ = {isa = PBXFileReference; fileEncoding = 4; lastKnownFileType = sourcecode.c.objc; path = SBJsonTokeniser.m; sourceTree = "<group>"; };
		4628949016EECF1000F94357 /* SBJsonUTF8Stream.h */ = {isa = PBXFileReference; fileEncoding = 4; lastKnownFileType = sourcecode.c.h; path = SBJsonUTF8Stream.h; sourceTree = "<group>"; };
		4628949116EECF1000F94357 /* SBJsonUTF8Stream.m */ = {isa = PBXFileReference; fileEncoding = 4; lastKnownFileType = sourcecode.c.objc; path = SBJsonUTF8Stream.m; sourceTree = "<group>"; };
		4628949216EECF1000F94357 /* SBJsonWriter.h */ = {isa = PBXFileReference; fileEncoding = 4; lastKnownFileType = sourcecode.c.h; path = SBJsonWriter.h; sourceTree = "<group>"; };
		4628949316EECF1000F94357 /* SBJsonWriter.m */ = {isa = PBXFileReference; fileEncoding = 4; lastKnownFileType = sourcecode.c.objc; path = SBJsonWriter.m; sourceTree = "<group>"; };
		462894A216EED09C00F94357 /* Security.framework */ = {isa = PBXFileReference; lastKnownFileType = wrapper.framework; name = Security.framework; path = System/Library/Frameworks/Security.framework; sourceTree = SDKROOT; };
		4686219416F80CCD006D0573 /* ListViewController.h */ = {isa = PBXFileReference; fileEncoding = 4; lastKnownFileType = sourcecode.c.h; path = ListViewController.h; sourceTree = "<group>"; };
		4686219516F80CCD006D0573 /* ListViewController.m */ = {isa = PBXFileReference; fileEncoding = 4; lastKnownFileType = sourcecode.c.objc; path = ListViewController.m; sourceTree = "<group>"; };
		4686219616F80CCD006D0573 /* ListViewController.xib */ = {isa = PBXFileReference; fileEncoding = 4; lastKnownFileType = file.xib; path = ListViewController.xib; sourceTree = "<group>"; };
		AA0DD19C16F6FD1E001C8F0C /* ContentShare.png */ = {isa = PBXFileReference; lastKnownFileType = image.png; path = ContentShare.png; sourceTree = "<group>"; };
		AA0DD19E16F6FD23001C8F0C /* ContentBack.png */ = {isa = PBXFileReference; lastKnownFileType = image.png; path = ContentBack.png; sourceTree = "<group>"; };
		AA0DD1A016F6FD2C001C8F0C /* CollectContent.png */ = {isa = PBXFileReference; lastKnownFileType = image.png; path = CollectContent.png; sourceTree = "<group>"; };
		AA3F4FCE16F2C462001A77F9 /* GoSearch.png */ = {isa = PBXFileReference; lastKnownFileType = image.png; path = GoSearch.png; sourceTree = "<group>"; };
		AA46013716EF069E00661EEF /* libWeChatSDK_armv7_armv7s.a */ = {isa = PBXFileReference; lastKnownFileType = archive.ar; path = libWeChatSDK_armv7_armv7s.a; sourceTree = "<group>"; };
		AA46013816EF069E00661EEF /* WXApi.h */ = {isa = PBXFileReference; fileEncoding = 4; lastKnownFileType = sourcecode.c.h; path = WXApi.h; sourceTree = "<group>"; };
		AA46013916EF069E00661EEF /* WXApiObject.h */ = {isa = PBXFileReference; fileEncoding = 4; lastKnownFileType = sourcecode.c.h; path = WXApiObject.h; sourceTree = "<group>"; };
		AA46013C16EF069E00661EEF /* UMSocialAccountEntity.h */ = {isa = PBXFileReference; fileEncoding = 4; lastKnownFileType = sourcecode.c.h; path = UMSocialAccountEntity.h; sourceTree = "<group>"; };
		AA46013D16EF069E00661EEF /* UMSocialAccountManager.h */ = {isa = PBXFileReference; fileEncoding = 4; lastKnownFileType = sourcecode.c.h; path = UMSocialAccountManager.h; sourceTree = "<group>"; };
		AA46013E16EF069E00661EEF /* UMSocialData.h */ = {isa = PBXFileReference; fileEncoding = 4; lastKnownFileType = sourcecode.c.h; path = UMSocialData.h; sourceTree = "<group>"; };
		AA46013F16EF069E00661EEF /* UMSocialDataDelegate.h */ = {isa = PBXFileReference; fileEncoding = 4; lastKnownFileType = sourcecode.c.h; path = UMSocialDataDelegate.h; sourceTree = "<group>"; };
		AA46014016EF069E00661EEF /* UMSocialDataService.h */ = {isa = PBXFileReference; fileEncoding = 4; lastKnownFileType = sourcecode.c.h; path = UMSocialDataService.h; sourceTree = "<group>"; };
		AA46014116EF069E00661EEF /* UMSocialEnum.h */ = {isa = PBXFileReference; fileEncoding = 4; lastKnownFileType = sourcecode.c.h; path = UMSocialEnum.h; sourceTree = "<group>"; };
		AA46014216EF069E00661EEF /* UMSocialResponseEntity.h */ = {isa = PBXFileReference; fileEncoding = 4; lastKnownFileType = sourcecode.c.h; path = UMSocialResponseEntity.h; sourceTree = "<group>"; };
		AA46014316EF069E00661EEF /* UMSocialSnsPlatform.h */ = {isa = PBXFileReference; fileEncoding = 4; lastKnownFileType = sourcecode.c.h; path = UMSocialSnsPlatform.h; sourceTree = "<group>"; };
		AA46014416EF069E00661EEF /* UMSocialSnsPlatformManager.h */ = {isa = PBXFileReference; fileEncoding = 4; lastKnownFileType = sourcecode.c.h; path = UMSocialSnsPlatformManager.h; sourceTree = "<group>"; };
		AA46014616EF069E00661EEF /* UMSocialBar.h */ = {isa = PBXFileReference; fileEncoding = 4; lastKnownFileType = sourcecode.c.h; path = UMSocialBar.h; sourceTree = "<group>"; };
		AA46014716EF069E00661EEF /* UMSocialConfigDelegate.h */ = {isa = PBXFileReference; fileEncoding = 4; lastKnownFileType = sourcecode.c.h; path = UMSocialConfigDelegate.h; sourceTree = "<group>"; };
		AA46014816EF069E00661EEF /* UMSocialControllerService.h */ = {isa = PBXFileReference; fileEncoding = 4; lastKnownFileType = sourcecode.c.h; path = UMSocialControllerService.h; sourceTree = "<group>"; };
		AA46014916EF069E00661EEF /* UMSocialControllerServiceComment.h */ = {isa = PBXFileReference; fileEncoding = 4; lastKnownFileType = sourcecode.c.h; path = UMSocialControllerServiceComment.h; sourceTree = "<group>"; };
		AA46014A16EF069E00661EEF /* UMSocialMacroDefine.h */ = {isa = PBXFileReference; fileEncoding = 4; lastKnownFileType = sourcecode.c.h; path = UMSocialMacroDefine.h; sourceTree = "<group>"; };
		AA46014B16EF069E00661EEF /* UMSocialUIHelper.h */ = {isa = PBXFileReference; fileEncoding = 4; lastKnownFileType = sourcecode.c.h; path = UMSocialUIHelper.h; sourceTree = "<group>"; };
		AA46014D16EF069E00661EEF /* UMSocialBarView.h */ = {isa = PBXFileReference; fileEncoding = 4; lastKnownFileType = sourcecode.c.h; path = UMSocialBarView.h; sourceTree = "<group>"; };
		AA46014E16EF069E00661EEF /* UMSocialBarView.m */ = {isa = PBXFileReference; fileEncoding = 4; lastKnownFileType = sourcecode.c.objc; path = UMSocialBarView.m; sourceTree = "<group>"; };
		AA46014F16EF069E00661EEF /* UMSocialIconActionSheet.h */ = {isa = PBXFileReference; fileEncoding = 4; lastKnownFileType = sourcecode.c.h; path = UMSocialIconActionSheet.h; sourceTree = "<group>"; };
		AA46015016EF069E00661EEF /* UMSocialIconActionSheet.m */ = {isa = PBXFileReference; fileEncoding = 4; lastKnownFileType = sourcecode.c.objc; path = UMSocialIconActionSheet.m; sourceTree = "<group>"; };
		AA46015116EF069E00661EEF /* UMSocialSnsService.h */ = {isa = PBXFileReference; fileEncoding = 4; lastKnownFileType = sourcecode.c.h; path = UMSocialSnsService.h; sourceTree = "<group>"; };
		AA46015216EF069E00661EEF /* UMSocialSnsService.m */ = {isa = PBXFileReference; fileEncoding = 4; lastKnownFileType = sourcecode.c.objc; path = UMSocialSnsService.m; sourceTree = "<group>"; };
		AA46015416EF069E00661EEF /* UMSCommentDetailController.xib */ = {isa = PBXFileReference; fileEncoding = 4; lastKnownFileType = file.xib; path = UMSCommentDetailController.xib; sourceTree = "<group>"; };
		AA46015516EF069E00661EEF /* UMSCommentInputController.xib */ = {isa = PBXFileReference; fileEncoding = 4; lastKnownFileType = file.xib; path = UMSCommentInputController.xib; sourceTree = "<group>"; };
		AA46015616EF069E00661EEF /* UMSCommentInputControlleriPad.xib */ = {isa = PBXFileReference; fileEncoding = 4; lastKnownFileType = file.xib; path = UMSCommentInputControlleriPad.xib; sourceTree = "<group>"; };
		AA46015716EF069E00661EEF /* UMShareEditViewController.xib */ = {isa = PBXFileReference; fileEncoding = 4; lastKnownFileType = file.xib; path = UMShareEditViewController.xib; sourceTree = "<group>"; };
		AA46015816EF069E00661EEF /* UMShareEditViewControlleriPad.xib */ = {isa = PBXFileReference; fileEncoding = 4; lastKnownFileType = file.xib; path = UMShareEditViewControlleriPad.xib; sourceTree = "<group>"; };
		AA46015916EF069E00661EEF /* UMSnsAccountViewController.xib */ = {isa = PBXFileReference; fileEncoding = 4; lastKnownFileType = file.xib; path = UMSnsAccountViewController.xib; sourceTree = "<group>"; };
		AA46015A16EF069E00661EEF /* UMSShareListController.xib */ = {isa = PBXFileReference; fileEncoding = 4; lastKnownFileType = file.xib; path = UMSShareListController.xib; sourceTree = "<group>"; };
		AA46015B16EF069E00661EEF /* UMSocial_Sdk_1.8.0.a */ = {isa = PBXFileReference; lastKnownFileType = archive.ar; path = UMSocial_Sdk_1.8.0.a; sourceTree = "<group>"; };
		AA46015C16EF069E00661EEF /* UMSocial_Sdk_Comment_1.8.0.a */ = {isa = PBXFileReference; lastKnownFileType = archive.ar; path = UMSocial_Sdk_Comment_1.8.0.a; sourceTree = "<group>"; };
		AA46015D16EF069E00661EEF /* UMSocialSDKResources.bundle */ = {isa = PBXFileReference; lastKnownFileType = "wrapper.plug-in"; path = UMSocialSDKResources.bundle; sourceTree = "<group>"; };
		AA46016C16EF0B0000661EEF /* slide1.png */ = {isa = PBXFileReference; lastKnownFileType = image.png; path = slide1.png; sourceTree = "<group>"; };
		AA46016D16EF0B0000661EEF /* slide2.png */ = {isa = PBXFileReference; lastKnownFileType = image.png; path = slide2.png; sourceTree = "<group>"; };
		AA46016E16EF0B0000661EEF /* slide3.png */ = {isa = PBXFileReference; lastKnownFileType = image.png; path = slide3.png; sourceTree = "<group>"; };
		AA46017216EF15EC00661EEF /* Default.png */ = {isa = PBXFileReference; lastKnownFileType = image.png; path = Default.png; sourceTree = "<group>"; };
		AA46017416EF15F200661EEF /* Default@2x.png */ = {isa = PBXFileReference; lastKnownFileType = image.png; path = "Default@2x.png"; sourceTree = "<group>"; };
		AA46017616EF15F600661EEF /* Default-568h@2x.png */ = {isa = PBXFileReference; lastKnownFileType = image.png; path = "Default-568h@2x.png"; sourceTree = "<group>"; };
		AA8B602216F2E79100F21C82 /* Guanyu.png */ = {isa = PBXFileReference; lastKnownFileType = image.png; path = Guanyu.png; sourceTree = "<group>"; };
		AA8B602416F2E79600F21C82 /* Shoucangjia.png */ = {isa = PBXFileReference; lastKnownFileType = image.png; path = Shoucangjia.png; sourceTree = "<group>"; };
		AA8B602616F2F47100F21C82 /* Onepx.png */ = {isa = PBXFileReference; lastKnownFileType = image.png; path = Onepx.png; sourceTree = "<group>"; };
		AAB7920216F04FAE00AA619F /* SearchContentViewController.h */ = {isa = PBXFileReference; fileEncoding = 4; lastKnownFileType = sourcecode.c.h; path = SearchContentViewController.h; sourceTree = "<group>"; };
		AAB7920316F04FAE00AA619F /* SearchContentViewController.m */ = {isa = PBXFileReference; fileEncoding = 4; lastKnownFileType = sourcecode.c.objc; path = SearchContentViewController.m; sourceTree = "<group>"; };
		AAB7920416F04FAE00AA619F /* SearchContentViewController.xib */ = {isa = PBXFileReference; fileEncoding = 4; lastKnownFileType = file.xib; path = SearchContentViewController.xib; sourceTree = "<group>"; };
		AAB7920716F0566900AA619F /* SearchHeader.png */ = {isa = PBXFileReference; lastKnownFileType = image.png; path = SearchHeader.png; sourceTree = "<group>"; };
		AAB7920916F0573400AA619F /* Search_backBtn.png */ = {isa = PBXFileReference; lastKnownFileType = image.png; path = Search_backBtn.png; sourceTree = "<group>"; };
		AACD4A2D16F2AF2400EC2FC6 /* SearchBorder.png */ = {isa = PBXFileReference; lastKnownFileType = image.png; path = SearchBorder.png; sourceTree = "<group>"; };
		AAECF71816F16F0D00B8AB2C /* RightTopButton.png */ = {isa = PBXFileReference; lastKnownFileType = image.png; path = RightTopButton.png; sourceTree = "<group>"; };
		AAECF71B16F19BD400B8AB2C /* DBsqlite.h */ = {isa = PBXFileReference; fileEncoding = 4; lastKnownFileType = sourcecode.c.h; path = DBsqlite.h; sourceTree = "<group>"; };
		AAECF71C16F19BD400B8AB2C /* DBsqlite.m */ = {isa = PBXFileReference; fileEncoding = 4; lastKnownFileType = sourcecode.c.objc; path = DBsqlite.m; sourceTree = "<group>"; };
/* End PBXFileReference section */

/* Begin PBXFrameworksBuildPhase section */
		0478544B1548D7640098399C /* Frameworks */ = {
			isa = PBXFrameworksBuildPhase;
			buildActionMask = 2147483647;
			files = (
				462894A316EED09C00F94357 /* Security.framework in Frameworks */,
				04EB63FB155B71AF00182190 /* libz.dylib in Frameworks */,
				0403D1DC155384B40095AACA /* SystemConfiguration.framework in Frameworks */,
				0403D1DA155384950095AACA /* CFNetwork.framework in Frameworks */,
				04503CC9154A3276002F1E00 /* QuartzCore.framework in Frameworks */,
				04503CB0154A2A29002F1E00 /* libsqlite3.dylib in Frameworks */,
				047854531548D7640098399C /* UIKit.framework in Frameworks */,
				047854551548D7640098399C /* Foundation.framework in Frameworks */,
				047854571548D7640098399C /* CoreGraphics.framework in Frameworks */,
				04F34F8D15634C0000984E3F /* libMobClickLibrary.a in Frameworks */,
				AA46015E16EF069E00661EEF /* libWeChatSDK_armv7_armv7s.a in Frameworks */,
				AA46016916EF069E00661EEF /* UMSocial_Sdk_1.8.0.a in Frameworks */,
				AA46016A16EF069E00661EEF /* UMSocial_Sdk_Comment_1.8.0.a in Frameworks */,
			);
			runOnlyForDeploymentPostprocessing = 0;
		};
		047854651548D7640098399C /* Frameworks */ = {
			isa = PBXFrameworksBuildPhase;
			buildActionMask = 2147483647;
			files = (
				0478546B1548D7640098399C /* SenTestingKit.framework in Frameworks */,
				0478546C1548D7640098399C /* UIKit.framework in Frameworks */,
				0478546D1548D7640098399C /* Foundation.framework in Frameworks */,
			);
			runOnlyForDeploymentPostprocessing = 0;
		};
/* End PBXFrameworksBuildPhase section */

/* Begin PBXGroup section */
		04503CC3154A2F6A002F1E00 /* Resources */ = {
			isa = PBXGroup;
			children = (
				047854A11548D8820098399C /* Images */,
			);
			name = Resources;
			sourceTree = "<group>";
		};
		047854431548D7640098399C = {
			isa = PBXGroup;
			children = (
				047854581548D7640098399C /* chabaike */,
				047854701548D7640098399C /* chabaikeTests */,
				047854511548D7640098399C /* Frameworks */,
				0478544F1548D7640098399C /* Products */,
			);
			sourceTree = "<group>";
		};
		0478544F1548D7640098399C /* Products */ = {
			isa = PBXGroup;
			children = (
				0478544E1548D7640098399C /* 茶百科.app */,
				047854691548D7640098399C /* chabaikeTests.octest */,
			);
			name = Products;
			sourceTree = "<group>";
		};
		047854511548D7640098399C /* Frameworks */ = {
			isa = PBXGroup;
			children = (
				462894A216EED09C00F94357 /* Security.framework */,
				04EB63FA155B71AF00182190 /* libz.dylib */,
				04503CAF154A2A29002F1E00 /* libsqlite3.dylib */,
				0403D1D9155384950095AACA /* CFNetwork.framework */,
				04503CC8154A3276002F1E00 /* QuartzCore.framework */,
				047854521548D7640098399C /* UIKit.framework */,
				047854541548D7640098399C /* Foundation.framework */,
				047854561548D7640098399C /* CoreGraphics.framework */,
				0478546A1548D7640098399C /* SenTestingKit.framework */,
				0403D1DB155384B30095AACA /* SystemConfiguration.framework */,
			);
			name = Frameworks;
			sourceTree = "<group>";
		};
		047854581548D7640098399C /* chabaike */ = {
			isa = PBXGroup;
			children = (
				AAB7920116F04F8C00AA619F /* Search */,
				4628945516EECE8500F94357 /* SlideShow */,
				4628944F16EECE7100F94357 /* Content */,
				4628944716EECE5600F94357 /* ViewController.h */,
				4628944816EECE5600F94357 /* ViewController.m */,
				4628944916EECE5600F94357 /* ViewController.xib */,
				4686219416F80CCD006D0573 /* ListViewController.h */,
				4686219516F80CCD006D0573 /* ListViewController.m */,
				4686219616F80CCD006D0573 /* ListViewController.xib */,
				4628944A16EECE5700F94357 /* NewsCell.h */,
				4628944B16EECE5800F94357 /* NewsCell.m */,
				047854611548D7640098399C /* chabaikeAppDelegate.h */,
				047854621548D7640098399C /* chabaikeAppDelegate.m */,
				047854591548D7640098399C /* Supporting Files */,
			);
			path = chabaike;
			sourceTree = "<group>";
		};
		047854591548D7640098399C /* Supporting Files */ = {
			isa = PBXGroup;
			children = (
				4628942116EECC9800F94357 /* InfoPlist.strings */,
				AA46013416EF069E00661EEF /* UMSocial_Sdk_1.8.0 */,
				04503CC3154A2F6A002F1E00 /* Resources */,
				047854A51548E61B0098399C /* Class */,
				0478545A1548D7640098399C /* chabaike-Info.plist */,
				0478545E1548D7640098399C /* main.m */,
				047854601548D7640098399C /* chabaike-Prefix.pch */,
			);
			name = "Supporting Files";
			sourceTree = "<group>";
		};
		047854701548D7640098399C /* chabaikeTests */ = {
			isa = PBXGroup;
			children = (
				047854761548D7640098399C /* chabaikeTests.h */,
				047854771548D7640098399C /* chabaikeTests.m */,
				047854711548D7640098399C /* Supporting Files */,
			);
			path = chabaikeTests;
			sourceTree = "<group>";
		};
		047854711548D7640098399C /* Supporting Files */ = {
			isa = PBXGroup;
			children = (
				047854721548D7640098399C /* chabaikeTests-Info.plist */,
				047854731548D7640098399C /* InfoPlist.strings */,
			);
			name = "Supporting Files";
			sourceTree = "<group>";
		};
		047854A11548D8820098399C /* Images */ = {
			isa = PBXGroup;
			children = (
				AA0DD1A016F6FD2C001C8F0C /* CollectContent.png */,
				AA0DD19E16F6FD23001C8F0C /* ContentBack.png */,
				AA0DD19C16F6FD1E001C8F0C /* ContentShare.png */,
				AA8B602616F2F47100F21C82 /* Onepx.png */,
				AA8B602416F2E79600F21C82 /* Shoucangjia.png */,
				AA8B602216F2E79100F21C82 /* Guanyu.png */,
				AA3F4FCE16F2C462001A77F9 /* GoSearch.png */,
				AACD4A2D16F2AF2400EC2FC6 /* SearchBorder.png */,
				AAECF71816F16F0D00B8AB2C /* RightTopButton.png */,
				AAB7920916F0573400AA619F /* Search_backBtn.png */,
				AAB7920716F0566900AA619F /* SearchHeader.png */,
				AA46017616EF15F600661EEF /* Default-568h@2x.png */,
				AA46017416EF15F200661EEF /* Default@2x.png */,
				AA46017216EF15EC00661EEF /* Default.png */,
				AA46016C16EF0B0000661EEF /* slide1.png */,
				AA46016D16EF0B0000661EEF /* slide2.png */,
				AA46016E16EF0B0000661EEF /* slide3.png */,
				4628942616EECDAE00F94357 /* ad_label_bg.png */,
				4628942716EECDAE00F94357 /* white.png */,
				4628942A16EECDAF00F94357 /* btn_bg.png */,
				4628942B16EECDAF00F94357 /* tab_bg.png */,
				4628942C16EECDAF00F94357 /* page_control.png */,
				044F9DFC15634DA300EE4807 /* Icon-Small-50.png */,
				04195E7A156244B800698EB6 /* Icon-72.png */,
				04195E7C156244B800698EB6 /* Icon-Small@2x.png */,
				04195E7D156244B800698EB6 /* Icon@2x.png */,
				04195E7415623EF300698EB6 /* icon.png */,
				04B1317F15622BD900412B24 /* Icon-Small.png */,
				04195E7815623F1E00698EB6 /* iTunesArtwork */,
				0456C7D11561FFD50061E2ED /* fav.png */,
				0456C7CA1561FC100061E2ED /* logo.png */,
			);
			name = Images;
			sourceTree = "<group>";
		};
		047854A51548E61B0098399C /* Class */ = {
			isa = PBXGroup;
			children = (
				AAECF71A16F19BB300B8AB2C /* DBhelp */,
				4628947916EECF1000F94357 /* SBJson */,
				4628945B16EECEE300F94357 /* MKNetworkKit  */,
				4628943716EECDEC00F94357 /* PullToRefreshTableView.h */,
				4628943816EECDEC00F94357 /* PullToRefreshTableView.m */,
				4628943916EECDEC00F94357 /* ImageDownload.h */,
				4628943A16EECDEC00F94357 /* ImageDownload.m */,
				4628943B16EECDEC00F94357 /* YMGlobal.h */,
				4628943C16EECDEC00F94357 /* YMGlobal.m */,
				4628943D16EECDEC00F94357 /* MBProgressHUD.m */,
				4628943E16EECDED00F94357 /* MBProgressHUD.h */,
				04EB63FC155B757B00182190 /* umeng */,
				04503CB2154A2A4C002F1E00 /* Constants.h */,
			);
			name = Class;
			sourceTree = "<group>";
		};
		04EB63FC155B757B00182190 /* umeng */ = {
			isa = PBXGroup;
			children = (
				04F34F8C15634C0000984E3F /* libMobClickLibrary.a */,
				04EB63F8155B716D00182190 /* MobClick.h */,
			);
			name = umeng;
			sourceTree = "<group>";
		};
		4628944F16EECE7100F94357 /* Content */ = {
			isa = PBXGroup;
			children = (
				4628945016EECE8100F94357 /* ZixunContentViewController.h */,
				4628945116EECE8100F94357 /* ZixunContentViewController.m */,
				4628945216EECE8100F94357 /* ZixunContentViewController.xib */,
			);
			name = Content;
			sourceTree = "<group>";
		};
		4628945516EECE8500F94357 /* SlideShow */ = {
			isa = PBXGroup;
			children = (
				4628945616EECE9500F94357 /* SlideViewController.h */,
				4628945716EECE9500F94357 /* SlideViewController.m */,
				4628945816EECE9500F94357 /* SlideViewController.xib */,
			);
			name = SlideShow;
			sourceTree = "<group>";
		};
		4628945B16EECEE300F94357 /* MKNetworkKit  */ = {
			isa = PBXGroup;
			children = (
				4628945C16EECEE300F94357 /* Categories */,
				4628946816EECEE300F94357 /* MKNetworkEngine.h */,
				4628946916EECEE300F94357 /* MKNetworkEngine.m */,
				4628946A16EECEE300F94357 /* MKNetworkKit.h */,
				4628946B16EECEE300F94357 /* MKNetworkOperation.h */,
				4628946C16EECEE300F94357 /* MKNetworkOperation.m */,
				4628946D16EECEE300F94357 /* Reachability */,
			);
			path = "MKNetworkKit ";
			sourceTree = "<group>";
		};
		4628945C16EECEE300F94357 /* Categories */ = {
			isa = PBXGroup;
			children = (
				4628945D16EECEE300F94357 /* NSAlert+MKNetworkKitAdditions.m */,
				4628945E16EECEE300F94357 /* NSData+Base64.h */,
				4628945F16EECEE300F94357 /* NSData+Base64.m */,
				4628946016EECEE300F94357 /* NSDate+RFC1123.h */,
				4628946116EECEE300F94357 /* NSDate+RFC1123.m */,
				4628946216EECEE300F94357 /* NSDictionary+RequestEncoding.h */,
				4628946316EECEE300F94357 /* NSDictionary+RequestEncoding.m */,
				4628946416EECEE300F94357 /* NSString+MKNetworkKitAdditions.h */,
				4628946516EECEE300F94357 /* NSString+MKNetworkKitAdditions.m */,
				4628946616EECEE300F94357 /* UIAlertView+MKNetworkKitAdditions.h */,
				4628946716EECEE300F94357 /* UIAlertView+MKNetworkKitAdditions.m */,
			);
			path = Categories;
			sourceTree = "<group>";
		};
		4628946D16EECEE300F94357 /* Reachability */ = {
			isa = PBXGroup;
			children = (
				4628946E16EECEE300F94357 /* Reachability.h */,
				4628946F16EECEE300F94357 /* Reachability.m */,
			);
			path = Reachability;
			sourceTree = "<group>";
		};
		4628947916EECF1000F94357 /* SBJson */ = {
			isa = PBXGroup;
			children = (
				4628947A16EECF1000F94357 /* JSON.h */,
				4628947B16EECF1000F94357 /* NSObject+SBJson.h */,
				4628947C16EECF1000F94357 /* NSObject+SBJson.m */,
				4628947D16EECF1000F94357 /* SBJson.h */,
				4628947E16EECF1000F94357 /* SBJsonParser.h */,
				4628947F16EECF1000F94357 /* SBJsonParser.m */,
				4628948016EECF1000F94357 /* SBJsonStreamParser.h */,
				4628948116EECF1000F94357 /* SBJsonStreamParser.m */,
				4628948216EECF1000F94357 /* SBJsonStreamParserAccumulator.h */,
				4628948316EECF1000F94357 /* SBJsonStreamParserAccumulator.m */,
				4628948416EECF1000F94357 /* SBJsonStreamParserAdapter.h */,
				4628948516EECF1000F94357 /* SBJsonStreamParserAdapter.m */,
				4628948616EECF1000F94357 /* SBJsonStreamParserState.h */,
				4628948716EECF1000F94357 /* SBJsonStreamParserState.m */,
				4628948816EECF1000F94357 /* SBJsonStreamWriter.h */,
				4628948916EECF1000F94357 /* SBJsonStreamWriter.m */,
				4628948A16EECF1000F94357 /* SBJsonStreamWriterAccumulator.h */,
				4628948B16EECF1000F94357 /* SBJsonStreamWriterAccumulator.m */,
				4628948C16EECF1000F94357 /* SBJsonStreamWriterState.h */,
				4628948D16EECF1000F94357 /* SBJsonStreamWriterState.m */,
				4628948E16EECF1000F94357 /* SBJsonTokeniser.h */,
				4628948F16EECF1000F94357 /* SBJsonTokeniser.m */,
				4628949016EECF1000F94357 /* SBJsonUTF8Stream.h */,
				4628949116EECF1000F94357 /* SBJsonUTF8Stream.m */,
				4628949216EECF1000F94357 /* SBJsonWriter.h */,
				4628949316EECF1000F94357 /* SBJsonWriter.m */,
			);
			path = SBJson;
			sourceTree = "<group>";
		};
		AA46013416EF069E00661EEF /* UMSocial_Sdk_1.8.0 */ = {
			isa = PBXGroup;
			children = (
				AA46013516EF069E00661EEF /* frameworks */,
				AA46013A16EF069E00661EEF /* Headers */,
				AA46014C16EF069E00661EEF /* SocialPlugin */,
				AA46015316EF069E00661EEF /* SocialSDKXib */,
				AA46015B16EF069E00661EEF /* UMSocial_Sdk_1.8.0.a */,
				AA46015C16EF069E00661EEF /* UMSocial_Sdk_Comment_1.8.0.a */,
				AA46015D16EF069E00661EEF /* UMSocialSDKResources.bundle */,
			);
			path = UMSocial_Sdk_1.8.0;
			sourceTree = "<group>";
		};
		AA46013516EF069E00661EEF /* frameworks */ = {
			isa = PBXGroup;
			children = (
				AA46013616EF069E00661EEF /* Wechat */,
			);
			path = frameworks;
			sourceTree = "<group>";
		};
		AA46013616EF069E00661EEF /* Wechat */ = {
			isa = PBXGroup;
			children = (
				AA46013716EF069E00661EEF /* libWeChatSDK_armv7_armv7s.a */,
				AA46013816EF069E00661EEF /* WXApi.h */,
				AA46013916EF069E00661EEF /* WXApiObject.h */,
			);
			path = Wechat;
			sourceTree = "<group>";
		};
		AA46013A16EF069E00661EEF /* Headers */ = {
			isa = PBXGroup;
			children = (
				AA46013B16EF069E00661EEF /* DataAPI */,
				AA46014516EF069E00661EEF /* UIAPI */,
			);
			path = Headers;
			sourceTree = "<group>";
		};
		AA46013B16EF069E00661EEF /* DataAPI */ = {
			isa = PBXGroup;
			children = (
				AA46013C16EF069E00661EEF /* UMSocialAccountEntity.h */,
				AA46013D16EF069E00661EEF /* UMSocialAccountManager.h */,
				AA46013E16EF069E00661EEF /* UMSocialData.h */,
				AA46013F16EF069E00661EEF /* UMSocialDataDelegate.h */,
				AA46014016EF069E00661EEF /* UMSocialDataService.h */,
				AA46014116EF069E00661EEF /* UMSocialEnum.h */,
				AA46014216EF069E00661EEF /* UMSocialResponseEntity.h */,
				AA46014316EF069E00661EEF /* UMSocialSnsPlatform.h */,
				AA46014416EF069E00661EEF /* UMSocialSnsPlatformManager.h */,
			);
			path = DataAPI;
			sourceTree = "<group>";
		};
		AA46014516EF069E00661EEF /* UIAPI */ = {
			isa = PBXGroup;
			children = (
				AA46014616EF069E00661EEF /* UMSocialBar.h */,
				AA46014716EF069E00661EEF /* UMSocialConfigDelegate.h */,
				AA46014816EF069E00661EEF /* UMSocialControllerService.h */,
				AA46014916EF069E00661EEF /* UMSocialControllerServiceComment.h */,
				AA46014A16EF069E00661EEF /* UMSocialMacroDefine.h */,
				AA46014B16EF069E00661EEF /* UMSocialUIHelper.h */,
			);
			path = UIAPI;
			sourceTree = "<group>";
		};
		AA46014C16EF069E00661EEF /* SocialPlugin */ = {
			isa = PBXGroup;
			children = (
				AA46014D16EF069E00661EEF /* UMSocialBarView.h */,
				AA46014E16EF069E00661EEF /* UMSocialBarView.m */,
				AA46014F16EF069E00661EEF /* UMSocialIconActionSheet.h */,
				AA46015016EF069E00661EEF /* UMSocialIconActionSheet.m */,
				AA46015116EF069E00661EEF /* UMSocialSnsService.h */,
				AA46015216EF069E00661EEF /* UMSocialSnsService.m */,
			);
			path = SocialPlugin;
			sourceTree = "<group>";
		};
		AA46015316EF069E00661EEF /* SocialSDKXib */ = {
			isa = PBXGroup;
			children = (
				AA46015416EF069E00661EEF /* UMSCommentDetailController.xib */,
				AA46015516EF069E00661EEF /* UMSCommentInputController.xib */,
				AA46015616EF069E00661EEF /* UMSCommentInputControlleriPad.xib */,
				AA46015716EF069E00661EEF /* UMShareEditViewController.xib */,
				AA46015816EF069E00661EEF /* UMShareEditViewControlleriPad.xib */,
				AA46015916EF069E00661EEF /* UMSnsAccountViewController.xib */,
				AA46015A16EF069E00661EEF /* UMSShareListController.xib */,
			);
			path = SocialSDKXib;
			sourceTree = "<group>";
		};
		AAB7920116F04F8C00AA619F /* Search */ = {
			isa = PBXGroup;
			children = (
				AAB7920216F04FAE00AA619F /* SearchContentViewController.h */,
				AAB7920316F04FAE00AA619F /* SearchContentViewController.m */,
				AAB7920416F04FAE00AA619F /* SearchContentViewController.xib */,
			);
			name = Search;
			sourceTree = "<group>";
		};
		AAECF71A16F19BB300B8AB2C /* DBhelp */ = {
			isa = PBXGroup;
			children = (
				AAECF71B16F19BD400B8AB2C /* DBsqlite.h */,
				AAECF71C16F19BD400B8AB2C /* DBsqlite.m */,
			);
			name = DBhelp;
			sourceTree = "<group>";
		};
/* End PBXGroup section */

/* Begin PBXNativeTarget section */
		0478544D1548D7640098399C /* chabaike */ = {
			isa = PBXNativeTarget;
			buildConfigurationList = 0478547B1548D7640098399C /* Build configuration list for PBXNativeTarget "chabaike" */;
			buildPhases = (
				0478544A1548D7640098399C /* Sources */,
				0478544B1548D7640098399C /* Frameworks */,
				0478544C1548D7640098399C /* Resources */,
			);
			buildRules = (
			);
			dependencies = (
			);
			name = chabaike;
			productName = chabaike;
			productReference = 0478544E1548D7640098399C /* 茶百科.app */;
			productType = "com.apple.product-type.application";
		};
		047854681548D7640098399C /* chabaikeTests */ = {
			isa = PBXNativeTarget;
			buildConfigurationList = 0478547E1548D7640098399C /* Build configuration list for PBXNativeTarget "chabaikeTests" */;
			buildPhases = (
				047854641548D7640098399C /* Sources */,
				047854651548D7640098399C /* Frameworks */,
				047854661548D7640098399C /* Resources */,
				047854671548D7640098399C /* ShellScript */,
			);
			buildRules = (
			);
			dependencies = (
				0478546F1548D7640098399C /* PBXTargetDependency */,
			);
			name = chabaikeTests;
			productName = chabaikeTests;
			productReference = 047854691548D7640098399C /* chabaikeTests.octest */;
			productType = "com.apple.product-type.bundle";
		};
/* End PBXNativeTarget section */

/* Begin PBXProject section */
		047854451548D7640098399C /* Project object */ = {
			isa = PBXProject;
			attributes = {
				CLASSPREFIX = chabaike;
				LastUpgradeCheck = 0460;
			};
			buildConfigurationList = 047854481548D7640098399C /* Build configuration list for PBXProject "chabaike" */;
			compatibilityVersion = "Xcode 3.2";
			developmentRegion = English;
			hasScannedForEncodings = 0;
			knownRegions = (
				en,
			);
			mainGroup = 047854431548D7640098399C;
			productRefGroup = 0478544F1548D7640098399C /* Products */;
			projectDirPath = "";
			projectRoot = "";
			targets = (
				0478544D1548D7640098399C /* chabaike */,
				047854681548D7640098399C /* chabaikeTests */,
			);
		};
/* End PBXProject section */

/* Begin PBXResourcesBuildPhase section */
		0478544C1548D7640098399C /* Resources */ = {
			isa = PBXResourcesBuildPhase;
			buildActionMask = 2147483647;
			files = (
				0456C7CB1561FC100061E2ED /* logo.png in Resources */,
				0456C7D41561FFD50061E2ED /* fav.png in Resources */,
				04B1318415622BD900412B24 /* Icon-Small.png in Resources */,
				04195E7615623EF300698EB6 /* icon.png in Resources */,
				04195E7915623F1E00698EB6 /* iTunesArtwork in Resources */,
				04195E7E156244B800698EB6 /* Icon-72.png in Resources */,
				04195E80156244B800698EB6 /* Icon-Small@2x.png in Resources */,
				04195E81156244B800698EB6 /* Icon@2x.png in Resources */,
				044F9DFD15634DA300EE4807 /* Icon-Small-50.png in Resources */,
				4628942216EECC9800F94357 /* InfoPlist.strings in Resources */,
				4628943016EECDB100F94357 /* ad_label_bg.png in Resources */,
				4628943116EECDB100F94357 /* white.png in Resources */,
				4628943416EECDB100F94357 /* btn_bg.png in Resources */,
				4628943516EECDB100F94357 /* tab_bg.png in Resources */,
				4628943616EECDB100F94357 /* page_control.png in Resources */,
				4628944D16EECE5800F94357 /* ViewController.xib in Resources */,
				4628945416EECE8100F94357 /* ZixunContentViewController.xib in Resources */,
				4628945A16EECE9500F94357 /* SlideViewController.xib in Resources */,
				AA46016216EF069E00661EEF /* UMSCommentDetailController.xib in Resources */,
				AA46016316EF069E00661EEF /* UMSCommentInputController.xib in Resources */,
				AA46016416EF069E00661EEF /* UMSCommentInputControlleriPad.xib in Resources */,
				AA46016516EF069E00661EEF /* UMShareEditViewController.xib in Resources */,
				AA46016616EF069E00661EEF /* UMShareEditViewControlleriPad.xib in Resources */,
				AA46016716EF069E00661EEF /* UMSnsAccountViewController.xib in Resources */,
				AA46016816EF069E00661EEF /* UMSShareListController.xib in Resources */,
				AA46016B16EF069E00661EEF /* UMSocialSDKResources.bundle in Resources */,
				AA46016F16EF0B0000661EEF /* slide1.png in Resources */,
				AA46017016EF0B0000661EEF /* slide2.png in Resources */,
				AA46017116EF0B0000661EEF /* slide3.png in Resources */,
				AA46017316EF15ED00661EEF /* Default.png in Resources */,
				AA46017516EF15F300661EEF /* Default@2x.png in Resources */,
				AA46017716EF15F700661EEF /* Default-568h@2x.png in Resources */,
				AAB7920616F04FAE00AA619F /* SearchContentViewController.xib in Resources */,
				AAB7920816F0566900AA619F /* SearchHeader.png in Resources */,
				AAB7920A16F0573400AA619F /* Search_backBtn.png in Resources */,
				AAECF71916F16F0D00B8AB2C /* RightTopButton.png in Resources */,
				AACD4A2E16F2AF2400EC2FC6 /* SearchBorder.png in Resources */,
				AA3F4FCF16F2C462001A77F9 /* GoSearch.png in Resources */,
				AA8B602316F2E79100F21C82 /* Guanyu.png in Resources */,
				AA8B602516F2E79600F21C82 /* Shoucangjia.png in Resources */,
				AA8B602716F2F47100F21C82 /* Onepx.png in Resources */,
				AA0DD19D16F6FD1E001C8F0C /* ContentShare.png in Resources */,
				AA0DD19F16F6FD23001C8F0C /* ContentBack.png in Resources */,
				AA0DD1A116F6FD2C001C8F0C /* CollectContent.png in Resources */,
				4686219816F80CCD006D0573 /* ListViewController.xib in Resources */,
			);
			runOnlyForDeploymentPostprocessing = 0;
		};
		047854661548D7640098399C /* Resources */ = {
			isa = PBXResourcesBuildPhase;
			buildActionMask = 2147483647;
			files = (
				047854751548D7640098399C /* InfoPlist.strings in Resources */,
			);
			runOnlyForDeploymentPostprocessing = 0;
		};
/* End PBXResourcesBuildPhase section */

/* Begin PBXShellScriptBuildPhase section */
		047854671548D7640098399C /* ShellScript */ = {
			isa = PBXShellScriptBuildPhase;
			buildActionMask = 2147483647;
			files = (
			);
			inputPaths = (
			);
			outputPaths = (
			);
			runOnlyForDeploymentPostprocessing = 0;
			shellPath = /bin/sh;
			shellScript = "# Run the unit tests in this test bundle.\n\"${SYSTEM_DEVELOPER_DIR}/Tools/RunUnitTests\"\n";
		};
/* End PBXShellScriptBuildPhase section */

/* Begin PBXSourcesBuildPhase section */
		0478544A1548D7640098399C /* Sources */ = {
			isa = PBXSourcesBuildPhase;
			buildActionMask = 2147483647;
			files = (
				0478545F1548D7640098399C /* main.m in Sources */,
				047854631548D7640098399C /* chabaikeAppDelegate.m in Sources */,
				4628944316EECE0300F94357 /* PullToRefreshTableView.m in Sources */,
				4628944416EECE0A00F94357 /* ImageDownload.m in Sources */,
				4628944516EECE0E00F94357 /* YMGlobal.m in Sources */,
				4628944616EECE1100F94357 /* MBProgressHUD.m in Sources */,
				4628944C16EECE5800F94357 /* ViewController.m in Sources */,
				4628944E16EECE5800F94357 /* NewsCell.m in Sources */,
				4628945316EECE8100F94357 /* ZixunContentViewController.m in Sources */,
				4628945916EECE9500F94357 /* SlideViewController.m in Sources */,
				4628947016EECEE300F94357 /* NSAlert+MKNetworkKitAdditions.m in Sources */,
				4628947116EECEE300F94357 /* NSData+Base64.m in Sources */,
				4628947216EECEE300F94357 /* NSDate+RFC1123.m in Sources */,
				4628947316EECEE300F94357 /* NSDictionary+RequestEncoding.m in Sources */,
				4628947416EECEE300F94357 /* NSString+MKNetworkKitAdditions.m in Sources */,
				4628947516EECEE300F94357 /* UIAlertView+MKNetworkKitAdditions.m in Sources */,
				4628947616EECEE300F94357 /* MKNetworkEngine.m in Sources */,
				4628947716EECEE300F94357 /* MKNetworkOperation.m in Sources */,
				4628947816EECEE300F94357 /* Reachability.m in Sources */,
				4628949416EECF1000F94357 /* NSObject+SBJson.m in Sources */,
				4628949516EECF1000F94357 /* SBJsonParser.m in Sources */,
				4628949616EECF1000F94357 /* SBJsonStreamParser.m in Sources */,
				4628949716EECF1000F94357 /* SBJsonStreamParserAccumulator.m in Sources */,
				4628949816EECF1000F94357 /* SBJsonStreamParserAdapter.m in Sources */,
				4628949916EECF1000F94357 /* SBJsonStreamParserState.m in Sources */,
				4628949A16EECF1000F94357 /* SBJsonStreamWriter.m in Sources */,
				4628949B16EECF1000F94357 /* SBJsonStreamWriterAccumulator.m in Sources */,
				4628949C16EECF1000F94357 /* SBJsonStreamWriterState.m in Sources */,
				4628949D16EECF1000F94357 /* SBJsonTokeniser.m in Sources */,
				4628949E16EECF1000F94357 /* SBJsonUTF8Stream.m in Sources */,
				4628949F16EECF1000F94357 /* SBJsonWriter.m in Sources */,
				AA46015F16EF069E00661EEF /* UMSocialBarView.m in Sources */,
				AA46016016EF069E00661EEF /* UMSocialIconActionSheet.m in Sources */,
				AA46016116EF069E00661EEF /* UMSocialSnsService.m in Sources */,
				AAB7920516F04FAE00AA619F /* SearchContentViewController.m in Sources */,
				AAECF71E16F1A05700B8AB2C /* DBsqlite.m in Sources */,
				4686219716F80CCD006D0573 /* ListViewController.m in Sources */,
			);
			runOnlyForDeploymentPostprocessing = 0;
		};
		047854641548D7640098399C /* Sources */ = {
			isa = PBXSourcesBuildPhase;
			buildActionMask = 2147483647;
			files = (
				047854781548D7640098399C /* chabaikeTests.m in Sources */,
			);
			runOnlyForDeploymentPostprocessing = 0;
		};
/* End PBXSourcesBuildPhase section */

/* Begin PBXTargetDependency section */
		0478546F1548D7640098399C /* PBXTargetDependency */ = {
			isa = PBXTargetDependency;
			target = 0478544D1548D7640098399C /* chabaike */;
			targetProxy = 0478546E1548D7640098399C /* PBXContainerItemProxy */;
		};
/* End PBXTargetDependency section */

/* Begin PBXVariantGroup section */
		047854731548D7640098399C /* InfoPlist.strings */ = {
			isa = PBXVariantGroup;
			children = (
				047854741548D7640098399C /* en */,
			);
			name = InfoPlist.strings;
			sourceTree = "<group>";
		};
/* End PBXVariantGroup section */

/* Begin XCBuildConfiguration section */
		047854791548D7640098399C /* Debug */ = {
			isa = XCBuildConfiguration;
			buildSettings = {
				ALWAYS_SEARCH_USER_PATHS = NO;
				ARCHS = (
					armv6,
					armv7,
				);
				CLANG_ENABLE_OBJC_ARC = YES;
				CLANG_WARN_CONSTANT_CONVERSION = YES;
				CLANG_WARN_ENUM_CONVERSION = YES;
				CLANG_WARN_INT_CONVERSION = YES;
				CLANG_WARN__DUPLICATE_METHOD_MATCH = YES;
				CODE_SIGN_IDENTITY = "iPhone Developer: wang hong (R357TDS237)";
				"CODE_SIGN_IDENTITY[sdk=iphoneos*]" = "iPhone Developer: wang hong (R357TDS237)";
				COPY_PHASE_STRIP = NO;
				GCC_C_LANGUAGE_STANDARD = gnu99;
				GCC_DYNAMIC_NO_PIC = NO;
				GCC_OPTIMIZATION_LEVEL = 0;
				GCC_PREPROCESSOR_DEFINITIONS = (
					"DEBUG=1",
					"$(inherited)",
				);
				GCC_SYMBOLS_PRIVATE_EXTERN = NO;
				GCC_THUMB_SUPPORT = NO;
				GCC_VERSION = com.apple.compilers.llvm.clang.1_0;
				GCC_WARN_ABOUT_RETURN_TYPE = YES;
				GCC_WARN_UNINITIALIZED_AUTOS = YES;
				GCC_WARN_UNUSED_VARIABLE = YES;
				IPHONEOS_DEPLOYMENT_TARGET = 4.3;
				PROVISIONING_PROFILE = "34B2DDF1-309E-4337-870A-27D389890EE9";
				"PROVISIONING_PROFILE[sdk=iphoneos*]" = "34B2DDF1-309E-4337-870A-27D389890EE9";
				SDKROOT = iphoneos;
			};
			name = Debug;
		};
		0478547A1548D7640098399C /* Release */ = {
			isa = XCBuildConfiguration;
			buildSettings = {
				ALWAYS_SEARCH_USER_PATHS = NO;
				ARCHS = (
					armv6,
					armv7,
				);
				CLANG_ENABLE_OBJC_ARC = YES;
				CLANG_WARN_CONSTANT_CONVERSION = YES;
				CLANG_WARN_ENUM_CONVERSION = YES;
				CLANG_WARN_INT_CONVERSION = YES;
				CLANG_WARN__DUPLICATE_METHOD_MATCH = YES;
				CODE_SIGN_IDENTITY = "iPhone Developer: wang hong (R357TDS237)";
				"CODE_SIGN_IDENTITY[sdk=iphoneos*]" = "iPhone Developer: wang hong (R357TDS237)";
				COPY_PHASE_STRIP = YES;
				GCC_C_LANGUAGE_STANDARD = gnu99;
				GCC_THUMB_SUPPORT = NO;
				GCC_VERSION = com.apple.compilers.llvm.clang.1_0;
				GCC_WARN_ABOUT_RETURN_TYPE = YES;
				GCC_WARN_UNINITIALIZED_AUTOS = YES;
				GCC_WARN_UNUSED_VARIABLE = YES;
				IPHONEOS_DEPLOYMENT_TARGET = 4.3;
				OTHER_CFLAGS = "-DNS_BLOCK_ASSERTIONS=1";
				PROVISIONING_PROFILE = "34B2DDF1-309E-4337-870A-27D389890EE9";
				"PROVISIONING_PROFILE[sdk=iphoneos*]" = "34B2DDF1-309E-4337-870A-27D389890EE9";
				SDKROOT = iphoneos;
				VALIDATE_PRODUCT = YES;
			};
			name = Release;
		};
		0478547C1548D7640098399C /* Debug */ = {
			isa = XCBuildConfiguration;
			buildSettings = {
				GCC_PRECOMPILE_PREFIX_HEADER = YES;
				GCC_PREFIX_HEADER = "chabaike/chabaike-Prefix.pch";
				GCC_THUMB_SUPPORT = NO;
				INFOPLIST_FILE = "chabaike/chabaike-Info.plist";
				IPHONEOS_DEPLOYMENT_TARGET = 4.3;
				LIBRARY_SEARCH_PATHS = (
					"$(inherited)",
					"\"$(SRCROOT)/chabaike\"",
					"\"$(SRCROOT)/chabaike/UMSocial_Sdk_1.8.0/frameworks/Wechat\"",
					"\"$(SRCROOT)/chabaike/UMSocial_Sdk_1.8.0\"",
				);
				PRODUCT_NAME = "茶百科";
				TARGETED_DEVICE_FAMILY = 1;
				WRAPPER_EXTENSION = app;
			};
			name = Debug;
		};
		0478547D1548D7640098399C /* Release */ = {
			isa = XCBuildConfiguration;
			buildSettings = {
				GCC_PRECOMPILE_PREFIX_HEADER = YES;
				GCC_PREFIX_HEADER = "chabaike/chabaike-Prefix.pch";
				GCC_THUMB_SUPPORT = NO;
				INFOPLIST_FILE = "chabaike/chabaike-Info.plist";
				IPHONEOS_DEPLOYMENT_TARGET = 4.3;
				LIBRARY_SEARCH_PATHS = (
					"$(inherited)",
					"\"$(SRCROOT)/chabaike\"",
					"\"$(SRCROOT)/chabaike/UMSocial_Sdk_1.8.0/frameworks/Wechat\"",
					"\"$(SRCROOT)/chabaike/UMSocial_Sdk_1.8.0\"",
				);
				PRODUCT_NAME = "茶百科";
				TARGETED_DEVICE_FAMILY = 1;
				WRAPPER_EXTENSION = app;
			};
			name = Release;
		};
		0478547F1548D7640098399C /* Debug */ = {
			isa = XCBuildConfiguration;
			buildSettings = {
				BUNDLE_LOADER = "$(BUILT_PRODUCTS_DIR)/chabaike.app/chabaike";
				FRAMEWORK_SEARCH_PATHS = (
					"$(SDKROOT)/Developer/Library/Frameworks",
					"$(DEVELOPER_LIBRARY_DIR)/Frameworks",
				);
				GCC_PRECOMPILE_PREFIX_HEADER = YES;
				GCC_PREFIX_HEADER = "chabaike/chabaike-Prefix.pch";
				GCC_THUMB_SUPPORT = NO;
				INFOPLIST_FILE = "chabaikeTests/chabaikeTests-Info.plist";
				PRODUCT_NAME = "$(TARGET_NAME)";
				TEST_HOST = "$(BUNDLE_LOADER)";
				WRAPPER_EXTENSION = octest;
			};
			name = Debug;
		};
		047854801548D7640098399C /* Release */ = {
			isa = XCBuildConfiguration;
			buildSettings = {
				BUNDLE_LOADER = "$(BUILT_PRODUCTS_DIR)/chabaike.app/chabaike";
				FRAMEWORK_SEARCH_PATHS = (
					"$(SDKROOT)/Developer/Library/Frameworks",
					"$(DEVELOPER_LIBRARY_DIR)/Frameworks",
				);
				GCC_PRECOMPILE_PREFIX_HEADER = YES;
				GCC_PREFIX_HEADER = "chabaike/chabaike-Prefix.pch";
				GCC_THUMB_SUPPORT = NO;
				INFOPLIST_FILE = "chabaikeTests/chabaikeTests-Info.plist";
				PRODUCT_NAME = "$(TARGET_NAME)";
				TEST_HOST = "$(BUNDLE_LOADER)";
				WRAPPER_EXTENSION = octest;
			};
			name = Release;
		};
/* End XCBuildConfiguration section */

/* Begin XCConfigurationList section */
		047854481548D7640098399C /* Build configuration list for PBXProject "chabaike" */ = {
			isa = XCConfigurationList;
			buildConfigurations = (
				047854791548D7640098399C /* Debug */,
				0478547A1548D7640098399C /* Release */,
			);
			defaultConfigurationIsVisible = 0;
			defaultConfigurationName = Release;
		};
		0478547B1548D7640098399C /* Build configuration list for PBXNativeTarget "chabaike" */ = {
			isa = XCConfigurationList;
			buildConfigurations = (
				0478547C1548D7640098399C /* Debug */,
				0478547D1548D7640098399C /* Release */,
			);
			defaultConfigurationIsVisible = 0;
			defaultConfigurationName = Release;
		};
		0478547E1548D7640098399C /* Build configuration list for PBXNativeTarget "chabaikeTests" */ = {
			isa = XCConfigurationList;
			buildConfigurations = (
				0478547F1548D7640098399C /* Debug */,
				047854801548D7640098399C /* Release */,
			);
			defaultConfigurationIsVisible = 0;
			defaultConfigurationName = Release;
		};
/* End XCConfigurationList section */
	};
	rootObject = 047854451548D7640098399C /* Project object */;
}
